
Microsoft Visual Studio Solution File, Format Version 12.00
# Visual Studio Version 16
VisualStudioVersion = 16.0.29609.76
MinimumVisualStudioVersion = 10.0.40219.1
Project("{9A19103F-16F7-4668-BE54-9A1E7A4F7556}") = "TheReviewer.Website", "TheReviewer.Website\TheReviewer.Website.csproj", "{C89D431C-69E5-42E0-86A9-1EE2BB818271}"
EndProject
Global
	GlobalSection(SolutionConfigurationPlatforms) = preSolution
		Debug|Any CPU = Debug|Any CPU
		Release|Any CPU = Release|Any CPU
	EndGlobalSection
	GlobalSection(ProjectConfigurationPlatforms) = postSolution
		{C89D431C-69E5-42E0-86A9-1EE2BB818271}.Debug|Any CPU.ActiveCfg = Debug|Any CPU
		{C89D431C-69E5-42E0-86A9-1EE2BB818271}.Debug|Any CPU.Build.0 = Debug|Any CPU
		{C89D431C-69E5-42E0-86A9-1EE2BB818271}.Release|Any CPU.ActiveCfg = Release|Any CPU
		{C89D431C-69E5-42E0-86A9-1EE2BB818271}.Release|Any CPU.Build.0 = Release|Any CPU
	EndGlobalSection
	GlobalSection(SolutionProperties) = preSolution
		HideSolutionNode = FALSE
	EndGlobalSection
	GlobalSection(ExtensibilityGlobals) = postSolution
		SolutionGuid = {A265CE7B-568C-4E80-8D40-5B5C079C4AFE}
	EndGlobalSection
EndGlobal
